
Microsoft Visual Studio Solution File, Format Version 10.00
# Visual Studio 2008
Project("{8BC9CEB8-8B4A-11D0-8D11-00A0C91BC942}") = "Change_Bmp_Jpg", "Change_Bmp_Jpg\Change_Bmp_Jpg.vcproj", "{4A80731C-B5C8-45C1-8562-9F6EB2F69B60}"
EndProject
Global
	GlobalSection(SolutionConfigurationPlatforms) = preSolution
		Debug|Win32 = Debug|Win32
		Release|Win32 = Release|Win32
	EndGlobalSection
	GlobalSection(ProjectConfigurationPlatforms) = postSolution
		{4A80731C-B5C8-45C1-8562-9F6EB2F69B60}.Debug|Win32.ActiveCfg = Debug|Win32
		{4A80731C-B5C8-45C1-8562-9F6EB2F69B60}.Debug|Win32.Build.0 = Debug|Win32
		{4A80731C-B5C8-45C1-8562-9F6EB2F69B60}.Release|Win32.ActiveCfg = Release|Win32
		{4A80731C-B5C8-45C1-8562-9F6EB2F69B60}.Release|Win32.Build.0 = Release|Win32
	EndGlobalSection
	GlobalSection(SolutionProperties) = preSolution
		HideSolutionNode = FALSE
	EndGlobalSection
EndGlobal
